
Microsoft Visual Studio Solution File, Format Version 12.00
# Visual Studio Version 16
VisualStudioVersion = 16.0.30907.101
MinimumVisualStudioVersion = 10.0.40219.1
Project("{FAE04EC0-301F-11D3-BF4B-00C04F79EFBC}") = "Entities", "Entities\Entities.csproj", "{3F002719-A46D-4AED-9005-2F74DA9AECF9}"
EndProject
Project("{FAE04EC0-301F-11D3-BF4B-00C04F79EFBC}") = "DataAccess", "DataAccess\DataAccess.csproj", "{EDE6ACD5-FE03-4939-8B99-96F0FF9F2A17}"
EndProject
Project("{FAE04EC0-301F-11D3-BF4B-00C04F79EFBC}") = "Business", "Business\Business.csproj", "{FF2DA864-48B3-44FC-A7B1-1BED4AC0A47C}"
EndProject
Project("{FAE04EC0-301F-11D3-BF4B-00C04F79EFBC}") = "Core", "Core\Core.csproj", "{26FB72D0-C7DF-4137-9BC7-B35B3BFDF9B7}"
EndProject
Project("{FAE04EC0-301F-11D3-BF4B-00C04F79EFBC}") = "ConsoleUI", "ConsoleUI\ConsoleUI.csproj", "{E2367217-06DD-410A-9105-E2F8800DD868}"
EndProject
Global
	GlobalSection(SolutionConfigurationPlatforms) = preSolution
		Debug|Any CPU = Debug|Any CPU
		Release|Any CPU = Release|Any CPU
	EndGlobalSection
	GlobalSection(ProjectConfigurationPlatforms) = postSolution
		{3F002719-A46D-4AED-9005-2F74DA9AECF9}.Debug|Any CPU.ActiveCfg = Debug|Any CPU
		{3F002719-A46D-4AED-9005-2F74DA9AECF9}.Debug|Any CPU.Build.0 = Debug|Any CPU
		{3F002719-A46D-4AED-9005-2F74DA9AECF9}.Release|Any CPU.ActiveCfg = Release|Any CPU
		{3F002719-A46D-4AED-9005-2F74DA9AECF9}.Release|Any CPU.Build.0 = Release|Any CPU
		{EDE6ACD5-FE03-4939-8B99-96F0FF9F2A17}.Debug|Any CPU.ActiveCfg = Debug|Any CPU
		{EDE6ACD5-FE03-4939-8B99-96F0FF9F2A17}.Debug|Any CPU.Build.0 = Debug|Any CPU
		{EDE6ACD5-FE03-4939-8B99-96F0FF9F2A17}.Release|Any CPU.ActiveCfg = Release|Any CPU
		{EDE6ACD5-FE03-4939-8B99-96F0FF9F2A17}.Release|Any CPU.Build.0 = Release|Any CPU
		{FF2DA864-48B3-44FC-A7B1-1BED4AC0A47C}.Debug|Any CPU.ActiveCfg = Debug|Any CPU
		{FF2DA864-48B3-44FC-A7B1-1BED4AC0A47C}.Debug|Any CPU.Build.0 = Debug|Any CPU
		{FF2DA864-48B3-44FC-A7B1-1BED4AC0A47C}.Release|Any CPU.ActiveCfg = Release|Any CPU
		{FF2DA864-48B3-44FC-A7B1-1BED4AC0A47C}.Release|Any CPU.Build.0 = Release|Any CPU
		{26FB72D0-C7DF-4137-9BC7-B35B3BFDF9B7}.Debug|Any CPU.ActiveCfg = Debug|Any CPU
		{26FB72D0-C7DF-4137-9BC7-B35B3BFDF9B7}.Debug|Any CPU.Build.0 = Debug|Any CPU
		{26FB72D0-C7DF-4137-9BC7-B35B3BFDF9B7}.Release|Any CPU.ActiveCfg = Release|Any CPU
		{26FB72D0-C7DF-4137-9BC7-B35B3BFDF9B7}.Release|Any CPU.Build.0 = Release|Any CPU
		{E2367217-06DD-410A-9105-E2F8800DD868}.Debug|Any CPU.ActiveCfg = Debug|Any CPU
		{E2367217-06DD-410A-9105-E2F8800DD868}.Debug|Any CPU.Build.0 = Debug|Any CPU
		{E2367217-06DD-410A-9105-E2F8800DD868}.Release|Any CPU.ActiveCfg = Release|Any CPU
		{E2367217-06DD-410A-9105-E2F8800DD868}.Release|Any CPU.Build.0 = Release|Any CPU
	EndGlobalSection
	GlobalSection(SolutionProperties) = preSolution
		HideSolutionNode = FALSE
	EndGlobalSection
	GlobalSection(ExtensibilityGlobals) = postSolution
		SolutionGuid = {E75123F4-924B-488B-B9F2-BAB646C3DF7E}
	EndGlobalSection
EndGlobal
